// !$*UTF8*$!
{
	archiveVersion = 1;
	classes = {
	};
	objectVersion = 55;
	objects = {

/* Begin PBXBuildFile section */
		27A72B0B27EAA622003E88F3 /* swiftui_testApp.swift in Sources */ = {isa = PBXBuildFile; fileRef = 27A72B0A27EAA622003E88F3 /* swiftui_testApp.swift */; };
		27A72B0D27EAA622003E88F3 /* ContentView.swift in Sources */ = {isa = PBXBuildFile; fileRef = 27A72B0C27EAA622003E88F3 /* ContentView.swift */; };
		27A72B0F27EAA623003E88F3 /* Assets.xcassets in Resources */ = {isa = PBXBuildFile; fileRef = 27A72B0E27EAA623003E88F3 /* Assets.xcassets */; };
		27A72B1227EAA623003E88F3 /* Preview Assets.xcassets in Resources */ = {isa = PBXBuildFile; fileRef = 27A72B1127EAA623003E88F3 /* Preview Assets.xcassets */; };
		27A72B1B27EAA698003E88F3 /* Localizable.strings in Resources */ = {isa = PBXBuildFile; fileRef = 27A72B1D27EAA698003E88F3 /* Localizable.strings */; };
		27A72B2127EAA6F0003E88F3 /* CartView.swift in Sources */ = {isa = PBXBuildFile; fileRef = 27A72B2027EAA6F0003E88F3 /* CartView.swift */; };
		27A72B2427EAA7F8003E88F3 /* ProductModel.swift in Sources */ = {isa = PBXBuildFile; fileRef = 27A72B2327EAA7F8003E88F3 /* ProductModel.swift */; };
		27A72B2727EAA85E003E88F3 /* ApiService.swift in Sources */ = {isa = PBXBuildFile; fileRef = 27A72B2627EAA85E003E88F3 /* ApiService.swift */; };
		27A72B2A27EAA8C0003E88F3 /* ApiProduct.swift in Sources */ = {isa = PBXBuildFile; fileRef = 27A72B2927EAA8C0003E88F3 /* ApiProduct.swift */; };
		27A72B2D27EAA954003E88F3 /* Alamofire in Frameworks */ = {isa = PBXBuildFile; productRef = 27A72B2C27EAA954003E88F3 /* Alamofire */; };
		27A72B3027EAAC7E003E88F3 /* CartViewModel.swift in Sources */ = {isa = PBXBuildFile; fileRef = 27A72B2F27EAAC7E003E88F3 /* CartViewModel.swift */; };
		27A72B3227EABD8A003E88F3 /* ProductSelectView.swift in Sources */ = {isa = PBXBuildFile; fileRef = 27A72B3127EABD8A003E88F3 /* ProductSelectView.swift */; };
		27A72B3427EABE85003E88F3 /* ProductItemView.swift in Sources */ = {isa = PBXBuildFile; fileRef = 27A72B3327EABE85003E88F3 /* ProductItemView.swift */; };
		27A72B3627EABF2C003E88F3 /* CartModel.swift in Sources */ = {isa = PBXBuildFile; fileRef = 27A72B3527EABF2C003E88F3 /* CartModel.swift */; };
		27A72B3C27EAC3DC003E88F3 /* URLImage in Frameworks */ = {isa = PBXBuildFile; productRef = 27A72B3B27EAC3DC003E88F3 /* URLImage */; };
		27A72B3E27EAC3DC003E88F3 /* URLImageStore in Frameworks */ = {isa = PBXBuildFile; productRef = 27A72B3D27EAC3DC003E88F3 /* URLImageStore */; };
		27C5D71627EAD154003BE48F /* CartItemView.swift in Sources */ = {isa = PBXBuildFile; fileRef = 27C5D71527EAD154003BE48F /* CartItemView.swift */; };
/* End PBXBuildFile section */

/* Begin PBXFileReference section */
		27A72B0727EAA622003E88F3 /* swiftui_test.app */ = {isa = PBXFileReference; explicitFileType = wrapper.application; includeInIndex = 0; path = swiftui_test.app; sourceTree = BUILT_PRODUCTS_DIR; };
		27A72B0A27EAA622003E88F3 /* swiftui_testApp.swift */ = {isa = PBXFileReference; lastKnownFileType = sourcecode.swift; path = swiftui_testApp.swift; sourceTree = "<group>"; };
		27A72B0C27EAA622003E88F3 /* ContentView.swift */ = {isa = PBXFileReference; lastKnownFileType = sourcecode.swift; path = ContentView.swift; sourceTree = "<group>"; };
		27A72B0E27EAA623003E88F3 /* Assets.xcassets */ = {isa = PBXFileReference; lastKnownFileType = folder.assetcatalog; path = Assets.xcassets; sourceTree = "<group>"; };
		27A72B1127EAA623003E88F3 /* Preview Assets.xcassets */ = {isa = PBXFileReference; lastKnownFileType = folder.assetcatalog; path = "Preview Assets.xcassets"; sourceTree = "<group>"; };
		27A72B1C27EAA698003E88F3 /* en */ = {isa = PBXFileReference; lastKnownFileType = text.plist.strings; name = en; path = en.lproj/Localizable.strings; sourceTree = "<group>"; };
		27A72B2027EAA6F0003E88F3 /* CartView.swift */ = {isa = PBXFileReference; lastKnownFileType = sourcecode.swift; path = CartView.swift; sourceTree = "<group>"; };
		27A72B2327EAA7F8003E88F3 /* ProductModel.swift */ = {isa = PBXFileReference; lastKnownFileType = sourcecode.swift; path = ProductModel.swift; sourceTree = "<group>"; };
		27A72B2627EAA85E003E88F3 /* ApiService.swift */ = {isa = PBXFileReference; lastKnownFileType = sourcecode.swift; path = ApiService.swift; sourceTree = "<group>"; };
		27A72B2927EAA8C0003E88F3 /* ApiProduct.swift */ = {isa = PBXFileReference; lastKnownFileType = sourcecode.swift; path = ApiProduct.swift; sourceTree = "<group>"; };
		27A72B2F27EAAC7E003E88F3 /* CartViewModel.swift */ = {isa = PBXFileReference; lastKnownFileType = sourcecode.swift; path = CartViewModel.swift; sourceTree = "<group>"; };
		27A72B3127EABD8A003E88F3 /* ProductSelectView.swift */ = {isa = PBXFileReference; lastKnownFileType = sourcecode.swift; path = ProductSelectView.swift; sourceTree = "<group>"; };
		27A72B3327EABE85003E88F3 /* ProductItemView.swift */ = {isa = PBXFileReference; lastKnownFileType = sourcecode.swift; path = ProductItemView.swift; sourceTree = "<group>"; };
		27A72B3527EABF2C003E88F3 /* CartModel.swift */ = {isa = PBXFileReference; lastKnownFileType = sourcecode.swift; path = CartModel.swift; sourceTree = "<group>"; };
		27C5D71527EAD154003BE48F /* CartItemView.swift */ = {isa = PBXFileReference; lastKnownFileType = sourcecode.swift; path = CartItemView.swift; sourceTree = "<group>"; };
/* End PBXFileReference section */

/* Begin PBXFrameworksBuildPhase section */
		27A72B0427EAA622003E88F3 /* Frameworks */ = {
			isa = PBXFrameworksBuildPhase;
			buildActionMask = 2147483647;
			files = (
				27A72B3C27EAC3DC003E88F3 /* URLImage in Frameworks */,
				27A72B3E27EAC3DC003E88F3 /* URLImageStore in Frameworks */,
				27A72B2D27EAA954003E88F3 /* Alamofire in Frameworks */,
			);
			runOnlyForDeploymentPostprocessing = 0;
		};
/* End PBXFrameworksBuildPhase section */

/* Begin PBXGroup section */
		27A72AFE27EAA622003E88F3 = {
			isa = PBXGroup;
			children = (
				27A72B0927EAA622003E88F3 /* swiftui_test */,
				27A72B0827EAA622003E88F3 /* Products */,
			);
			sourceTree = "<group>";
		};
		27A72B0827EAA622003E88F3 /* Products */ = {
			isa = PBXGroup;
			children = (
				27A72B0727EAA622003E88F3 /* swiftui_test.app */,
			);
			name = Products;
			sourceTree = "<group>";
		};
		27A72B0927EAA622003E88F3 /* swiftui_test */ = {
			isa = PBXGroup;
			children = (
				27A72B2E27EAAC6F003E88F3 /* viewmodels */,
				27A72B2527EAA853003E88F3 /* services */,
				27A72B2227EAA730003E88F3 /* models */,
				27A72B1E27EAA6D8003E88F3 /* views */,
				27A72B1827EAA657003E88F3 /* locales */,
				27A72B0A27EAA622003E88F3 /* swiftui_testApp.swift */,
				27A72B0C27EAA622003E88F3 /* ContentView.swift */,
				27A72B0E27EAA623003E88F3 /* Assets.xcassets */,
				27A72B1027EAA623003E88F3 /* Preview Content */,
			);
			path = swiftui_test;
			sourceTree = "<group>";
		};
		27A72B1027EAA623003E88F3 /* Preview Content */ = {
			isa = PBXGroup;
			children = (
				27A72B1127EAA623003E88F3 /* Preview Assets.xcassets */,
			);
			path = "Preview Content";
			sourceTree = "<group>";
		};
		27A72B1827EAA657003E88F3 /* locales */ = {
			isa = PBXGroup;
			children = (
				27A72B1D27EAA698003E88F3 /* Localizable.strings */,
			);
			path = locales;
			sourceTree = "<group>";
		};
		27A72B1E27EAA6D8003E88F3 /* views */ = {
			isa = PBXGroup;
			children = (
				27A72B1F27EAA6E5003E88F3 /* home */,
			);
			path = views;
			sourceTree = "<group>";
		};
		27A72B1F27EAA6E5003E88F3 /* home */ = {
			isa = PBXGroup;
			children = (
				27A72B2027EAA6F0003E88F3 /* CartView.swift */,
				27C5D71527EAD154003BE48F /* CartItemView.swift */,
				27A72B3127EABD8A003E88F3 /* ProductSelectView.swift */,
				27A72B3327EABE85003E88F3 /* ProductItemView.swift */,
			);
			path = home;
			sourceTree = "<group>";
		};
		27A72B2227EAA730003E88F3 /* models */ = {
			isa = PBXGroup;
			children = (
				27A72B2327EAA7F8003E88F3 /* ProductModel.swift */,
				27A72B3527EABF2C003E88F3 /* CartModel.swift */,
			);
			path = models;
			sourceTree = "<group>";
		};
		27A72B2527EAA853003E88F3 /* services */ = {
			isa = PBXGroup;
			children = (
				27A72B2827EAA8A4003E88F3 /* API */,
				27A72B2627EAA85E003E88F3 /* ApiService.swift */,
			);
			path = services;
			sourceTree = "<group>";
		};
		27A72B2827EAA8A4003E88F3 /* API */ = {
			isa = PBXGroup;
			children = (
				27A72B2927EAA8C0003E88F3 /* ApiProduct.swift */,
			);
			path = API;
			sourceTree = "<group>";
		};
		27A72B2E27EAAC6F003E88F3 /* viewmodels */ = {
			isa = PBXGroup;
			children = (
				27A72B2F27EAAC7E003E88F3 /* CartViewModel.swift */,
			);
			path = viewmodels;
			sourceTree = "<group>";
		};
/* End PBXGroup section */

/* Begin PBXNativeTarget section */
		27A72B0627EAA622003E88F3 /* swiftui_test */ = {
			isa = PBXNativeTarget;
			buildConfigurationList = 27A72B1527EAA623003E88F3 /* Build configuration list for PBXNativeTarget "swiftui_test" */;
			buildPhases = (
				27A72B0327EAA622003E88F3 /* Sources */,
				27A72B0427EAA622003E88F3 /* Frameworks */,
				27A72B0527EAA622003E88F3 /* Resources */,
			);
			buildRules = (
			);
			dependencies = (
			);
			name = swiftui_test;
			packageProductDependencies = (
				27A72B2C27EAA954003E88F3 /* Alamofire */,
				27A72B3B27EAC3DC003E88F3 /* URLImage */,
				27A72B3D27EAC3DC003E88F3 /* URLImageStore */,
			);
			productName = swiftui_test;
			productReference = 27A72B0727EAA622003E88F3 /* swiftui_test.app */;
			productType = "com.apple.product-type.application";
		};
/* End PBXNativeTarget section */

/* Begin PBXProject section */
		27A72AFF27EAA622003E88F3 /* Project object */ = {
			isa = PBXProject;
			attributes = {
				BuildIndependentTargetsInParallel = 1;
				LastSwiftUpdateCheck = 1320;
				LastUpgradeCheck = 1320;
				TargetAttributes = {
					27A72B0627EAA622003E88F3 = {
						CreatedOnToolsVersion = 13.2;
					};
				};
			};
			buildConfigurationList = 27A72B0227EAA622003E88F3 /* Build configuration list for PBXProject "swiftui_test" */;
			compatibilityVersion = "Xcode 13.0";
			developmentRegion = en;
			hasScannedForEncodings = 0;
			knownRegions = (
				en,
				Base,
			);
			mainGroup = 27A72AFE27EAA622003E88F3;
			packageReferences = (
				27A72B2B27EAA954003E88F3 /* XCRemoteSwiftPackageReference "Alamofire" */,
				27A72B3A27EAC3DC003E88F3 /* XCRemoteSwiftPackageReference "url-image" */,
			);
			productRefGroup = 27A72B0827EAA622003E88F3 /* Products */;
			projectDirPath = "";
			projectRoot = "";
			targets = (
				27A72B0627EAA622003E88F3 /* swiftui_test */,
			);
		};
/* End PBXProject section */

/* Begin PBXResourcesBuildPhase section */
		27A72B0527EAA622003E88F3 /* Resources */ = {
			isa = PBXResourcesBuildPhase;
			buildActionMask = 2147483647;
			files = (
				27A72B1227EAA623003E88F3 /* Preview Assets.xcassets in Resources */,
				27A72B1B27EAA698003E88F3 /* Localizable.strings in Resources */,
				27A72B0F27EAA623003E88F3 /* Assets.xcassets in Resources */,
			);
			runOnlyForDeploymentPostprocessing = 0;
		};
/* End PBXResourcesBuildPhase section */

/* Begin PBXSourcesBuildPhase section */
		27A72B0327EAA622003E88F3 /* Sources */ = {
			isa = PBXSourcesBuildPhase;
			buildActionMask = 2147483647;
			files = (
				27C5D71627EAD154003BE48F /* CartItemView.swift in Sources */,
				27A72B3427EABE85003E88F3 /* ProductItemView.swift in Sources */,
				27A72B2127EAA6F0003E88F3 /* CartView.swift in Sources */,
				27A72B2727EAA85E003E88F3 /* ApiService.swift in Sources */,
				27A72B3027EAAC7E003E88F3 /* CartViewModel.swift in Sources */,
				27A72B0D27EAA622003E88F3 /* ContentView.swift in Sources */,
				27A72B3627EABF2C003E88F3 /* CartModel.swift in Sources */,
				27A72B0B27EAA622003E88F3 /* swiftui_testApp.swift in Sources */,
				27A72B2A27EAA8C0003E88F3 /* ApiProduct.swift in Sources */,
				27A72B3227EABD8A003E88F3 /* ProductSelectView.swift in Sources */,
				27A72B2427EAA7F8003E88F3 /* ProductModel.swift in Sources */,
			);
			runOnlyForDeploymentPostprocessing = 0;
		};
/* End PBXSourcesBuildPhase section */

/* Begin PBXVariantGroup section */
		27A72B1D27EAA698003E88F3 /* Localizable.strings */ = {
			isa = PBXVariantGroup;
			children = (
				27A72B1C27EAA698003E88F3 /* en */,
			);
			name = Localizable.strings;
			sourceTree = "<group>";
		};
/* End PBXVariantGroup section */

/* Begin XCBuildConfiguration section */
		27A72B1327EAA623003E88F3 /* Debug */ = {
			isa = XCBuildConfiguration;
			buildSettings = {
				ALWAYS_SEARCH_USER_PATHS = NO;
				CLANG_ANALYZER_NONNULL = YES;
				CLANG_ANALYZER_NUMBER_OBJECT_CONVERSION = YES_AGGRESSIVE;
				CLANG_CXX_LANGUAGE_STANDARD = "gnu++17";
				CLANG_CXX_LIBRARY = "libc++";
				CLANG_ENABLE_MODULES = YES;
				CLANG_ENABLE_OBJC_ARC = YES;
				CLANG_ENABLE_OBJC_WEAK = YES;
				CLANG_WARN_BLOCK_CAPTURE_AUTORELEASING = YES;
				CLANG_WARN_BOOL_CONVERSION = YES;
				CLANG_WARN_COMMA = YES;
				CLANG_WARN_CONSTANT_CONVERSION = YES;
				CLANG_WARN_DEPRECATED_OBJC_IMPLEMENTATIONS = YES;
				CLANG_WARN_DIRECT_OBJC_ISA_USAGE = YES_ERROR;
				CLANG_WARN_DOCUMENTATION_COMMENTS = YES;
				CLANG_WARN_EMPTY_BODY = YES;
				CLANG_WARN_ENUM_CONVERSION = YES;
				CLANG_WARN_INFINITE_RECURSION = YES;
				CLANG_WARN_INT_CONVERSION = YES;
				CLANG_WARN_NON_LITERAL_NULL_CONVERSION = YES;
				CLANG_WARN_OBJC_IMPLICIT_RETAIN_SELF = YES;
				CLANG_WARN_OBJC_LITERAL_CONVERSION = YES;
				CLANG_WARN_OBJC_ROOT_CLASS = YES_ERROR;
				CLANG_WARN_QUOTED_INCLUDE_IN_FRAMEWORK_HEADER = YES;
				CLANG_WARN_RANGE_LOOP_ANALYSIS = YES;
				CLANG_WARN_STRICT_PROTOTYPES = YES;
				CLANG_WARN_SUSPICIOUS_MOVE = YES;
				CLANG_WARN_UNGUARDED_AVAILABILITY = YES_AGGRESSIVE;
				CLANG_WARN_UNREACHABLE_CODE = YES;
				CLANG_WARN__DUPLICATE_METHOD_MATCH = YES;
				COPY_PHASE_STRIP = NO;
				DEBUG_INFORMATION_FORMAT = dwarf;
				ENABLE_STRICT_OBJC_MSGSEND = YES;
				ENABLE_TESTABILITY = YES;
				GCC_C_LANGUAGE_STANDARD = gnu11;
				GCC_DYNAMIC_NO_PIC = NO;
				GCC_NO_COMMON_BLOCKS = YES;
				GCC_OPTIMIZATION_LEVEL = 0;
				GCC_PREPROCESSOR_DEFINITIONS = (
					"DEBUG=1",
					"$(inherited)",
				);
				GCC_WARN_64_TO_32_BIT_CONVERSION = YES;
				GCC_WARN_ABOUT_RETURN_TYPE = YES_ERROR;
				GCC_WARN_UNDECLARED_SELECTOR = YES;
				GCC_WARN_UNINITIALIZED_AUTOS = YES_AGGRESSIVE;
				GCC_WARN_UNUSED_FUNCTION = YES;
				GCC_WARN_UNUSED_VARIABLE = YES;
				IPHONEOS_DEPLOYMENT_TARGET = 15.2;
				MTL_ENABLE_DEBUG_INFO = INCLUDE_SOURCE;
				MTL_FAST_MATH = YES;
				ONLY_ACTIVE_ARCH = YES;
				SDKROOT = iphoneos;
				SWIFT_ACTIVE_COMPILATION_CONDITIONS = DEBUG;
				SWIFT_OPTIMIZATION_LEVEL = "-Onone";
			};
			name = Debug;
		};
		27A72B1427EAA623003E88F3 /* Release */ = {
			isa = XCBuildConfiguration;
			buildSettings = {
				ALWAYS_SEARCH_USER_PATHS = NO;
				CLANG_ANALYZER_NONNULL = YES;
				CLANG_ANALYZER_NUMBER_OBJECT_CONVERSION = YES_AGGRESSIVE;
				CLANG_CXX_LANGUAGE_STANDARD = "gnu++17";
				CLANG_CXX_LIBRARY = "libc++";
				CLANG_ENABLE_MODULES = YES;
				CLANG_ENABLE_OBJC_ARC = YES;
				CLANG_ENABLE_OBJC_WEAK = YES;
				CLANG_WARN_BLOCK_CAPTURE_AUTORELEASING = YES;
				CLANG_WARN_BOOL_CONVERSION = YES;
				CLANG_WARN_COMMA = YES;
				CLANG_WARN_CONSTANT_CONVERSION = YES;
				CLANG_WARN_DEPRECATED_OBJC_IMPLEMENTATIONS = YES;
				CLANG_WARN_DIRECT_OBJC_ISA_USAGE = YES_ERROR;
				CLANG_WARN_DOCUMENTATION_COMMENTS = YES;
				CLANG_WARN_EMPTY_BODY = YES;
				CLANG_WARN_ENUM_CONVERSION = YES;
				CLANG_WARN_INFINITE_RECURSION = YES;
				CLANG_WARN_INT_CONVERSION = YES;
				CLANG_WARN_NON_LITERAL_NULL_CONVERSION = YES;
				CLANG_WARN_OBJC_IMPLICIT_RETAIN_SELF = YES;
				CLANG_WARN_OBJC_LITERAL_CONVERSION = YES;
				CLANG_WARN_OBJC_ROOT_CLASS = YES_ERROR;
				CLANG_WARN_QUOTED_INCLUDE_IN_FRAMEWORK_HEADER = YES;
				CLANG_WARN_RANGE_LOOP_ANALYSIS = YES;
				CLANG_WARN_STRICT_PROTOTYPES = YES;
				CLANG_WARN_SUSPICIOUS_MOVE = YES;
				CLANG_WARN_UNGUARDED_AVAILABILITY = YES_AGGRESSIVE;
				CLANG_WARN_UNREACHABLE_CODE = YES;
				CLANG_WARN__DUPLICATE_METHOD_MATCH = YES;
				COPY_PHASE_STRIP = NO;
				DEBUG_INFORMATION_FORMAT = "dwarf-with-dsym";
				ENABLE_NS_ASSERTIONS = NO;
				ENABLE_STRICT_OBJC_MSGSEND = YES;
				GCC_C_LANGUAGE_STANDARD = gnu11;
				GCC_NO_COMMON_BLOCKS = YES;
				GCC_WARN_64_TO_32_BIT_CONVERSION = YES;
				GCC_WARN_ABOUT_RETURN_TYPE = YES_ERROR;
				GCC_WARN_UNDECLARED_SELECTOR = YES;
				GCC_WARN_UNINITIALIZED_AUTOS = YES_AGGRESSIVE;
				GCC_WARN_UNUSED_FUNCTION = YES;
				GCC_WARN_UNUSED_VARIABLE = YES;
				IPHONEOS_DEPLOYMENT_TARGET = 15.2;
				MTL_ENABLE_DEBUG_INFO = NO;
				MTL_FAST_MATH = YES;
				SDKROOT = iphoneos;
				SWIFT_COMPILATION_MODE = wholemodule;
				SWIFT_OPTIMIZATION_LEVEL = "-O";
				VALIDATE_PRODUCT = YES;
			};
			name = Release;
		};
		27A72B1627EAA623003E88F3 /* Debug */ = {
			isa = XCBuildConfiguration;
			buildSettings = {
				ASSETCATALOG_COMPILER_APPICON_NAME = AppIcon;
				ASSETCATALOG_COMPILER_GLOBAL_ACCENT_COLOR_NAME = AccentColor;
				CODE_SIGN_STYLE = Automatic;
				CURRENT_PROJECT_VERSION = 1;
				DEVELOPMENT_ASSET_PATHS = "\"swiftui_test/Preview Content\"";
				ENABLE_PREVIEWS = YES;
				GENERATE_INFOPLIST_FILE = YES;
				INFOPLIST_KEY_UIApplicationSceneManifest_Generation = YES;
				INFOPLIST_KEY_UIApplicationSupportsIndirectInputEvents = YES;
				INFOPLIST_KEY_UILaunchScreen_Generation = YES;
				INFOPLIST_KEY_UISupportedInterfaceOrientations_iPad = "UIInterfaceOrientationPortrait UIInterfaceOrientationPortraitUpsideDown UIInterfaceOrientationLandscapeLeft UIInterfaceOrientationLandscapeRight";
				INFOPLIST_KEY_UISupportedInterfaceOrientations_iPhone = "UIInterfaceOrientationPortrait UIInterfaceOrientationLandscapeLeft UIInterfaceOrientationLandscapeRight";
				LD_RUNPATH_SEARCH_PATHS = (
					"$(inherited)",
					"@executable_path/Frameworks",
				);
				MARKETING_VERSION = 1.0;
				PRODUCT_BUNDLE_IDENTIFIER = "guillermo.jimenez.tribal.tests1.swiftui-test";
				PRODUCT_NAME = "$(TARGET_NAME)";
				SWIFT_EMIT_LOC_STRINGS = YES;
				SWIFT_VERSION = 5.0;
				TARGETED_DEVICE_FAMILY = "1,2";
			};
			name = Debug;
		};
		27A72B1727EAA623003E88F3 /* Release */ = {
			isa = XCBuildConfiguration;
			buildSettings = {
				ASSETCATALOG_COMPILER_APPICON_NAME = AppIcon;
				ASSETCATALOG_COMPILER_GLOBAL_ACCENT_COLOR_NAME = AccentColor;
				CODE_SIGN_STYLE = Automatic;
				CURRENT_PROJECT_VERSION = 1;
				DEVELOPMENT_ASSET_PATHS = "\"swiftui_test/Preview Content\"";
				ENABLE_PREVIEWS = YES;
				GENERATE_INFOPLIST_FILE = YES;
				INFOPLIST_KEY_UIApplicationSceneManifest_Generation = YES;
				INFOPLIST_KEY_UIApplicationSupportsIndirectInputEvents = YES;
				INFOPLIST_KEY_UILaunchScreen_Generation = YES;
				INFOPLIST_KEY_UISupportedInterfaceOrientations_iPad = "UIInterfaceOrientationPortrait UIInterfaceOrientationPortraitUpsideDown UIInterfaceOrientationLandscapeLeft UIInterfaceOrientationLandscapeRight";
				INFOPLIST_KEY_UISupportedInterfaceOrientations_iPhone = "UIInterfaceOrientationPortrait UIInterfaceOrientationLandscapeLeft UIInterfaceOrientationLandscapeRight";
				LD_RUNPATH_SEARCH_PATHS = (
					"$(inherited)",
					"@executable_path/Frameworks",
				);
				MARKETING_VERSION = 1.0;
				PRODUCT_BUNDLE_IDENTIFIER = "guillermo.jimenez.tribal.tests1.swiftui-test";
				PRODUCT_NAME = "$(TARGET_NAME)";
				SWIFT_EMIT_LOC_STRINGS = YES;
				SWIFT_VERSION = 5.0;
				TARGETED_DEVICE_FAMILY = "1,2";
			};
			name = Release;
		};
/* End XCBuildConfiguration section */

/* Begin XCConfigurationList section */
		27A72B0227EAA622003E88F3 /* Build configuration list for PBXProject "swiftui_test" */ = {
			isa = XCConfigurationList;
			buildConfigurations = (
				27A72B1327EAA623003E88F3 /* Debug */,
				27A72B1427EAA623003E88F3 /* Release */,
			);
			defaultConfigurationIsVisible = 0;
			defaultConfigurationName = Release;
		};
		27A72B1527EAA623003E88F3 /* Build configuration list for PBXNativeTarget "swiftui_test" */ = {
			isa = XCConfigurationList;
			buildConfigurations = (
				27A72B1627EAA623003E88F3 /* Debug */,
				27A72B1727EAA623003E88F3 /* Release */,
			);
			defaultConfigurationIsVisible = 0;
			defaultConfigurationName = Release;
		};
/* End XCConfigurationList section */

/* Begin XCRemoteSwiftPackageReference section */
		27A72B2B27EAA954003E88F3 /* XCRemoteSwiftPackageReference "Alamofire" */ = {
			isa = XCRemoteSwiftPackageReference;
			repositoryURL = "https://github.com/Alamofire/Alamofire";
			requirement = {
				branch = master;
				kind = branch;
			};
		};
		27A72B3A27EAC3DC003E88F3 /* XCRemoteSwiftPackageReference "url-image" */ = {
			isa = XCRemoteSwiftPackageReference;
			repositoryURL = "https://github.com/dmytro-anokhin/url-image";
			requirement = {
				branch = main;
				kind = branch;
			};
		};
/* End XCRemoteSwiftPackageReference section */

/* Begin XCSwiftPackageProductDependency section */
		27A72B2C27EAA954003E88F3 /* Alamofire */ = {
			isa = XCSwiftPackageProductDependency;
			package = 27A72B2B27EAA954003E88F3 /* XCRemoteSwiftPackageReference "Alamofire" */;
			productName = Alamofire;
		};
		27A72B3B27EAC3DC003E88F3 /* URLImage */ = {
			isa = XCSwiftPackageProductDependency;
			package = 27A72B3A27EAC3DC003E88F3 /* XCRemoteSwiftPackageReference "url-image" */;
			productName = URLImage;
		};
		27A72B3D27EAC3DC003E88F3 /* URLImageStore */ = {
			isa = XCSwiftPackageProductDependency;
			package = 27A72B3A27EAC3DC003E88F3 /* XCRemoteSwiftPackageReference "url-image" */;
			productName = URLImageStore;
		};
/* End XCSwiftPackageProductDependency section */
	};
	rootObject = 27A72AFF27EAA622003E88F3 /* Project object */;
}
